
Microsoft Visual Studio Solution File, Format Version 12.00
# Visual Studio Version 16
VisualStudioVersion = 16.0.29519.87
MinimumVisualStudioVersion = 10.0.40219.1
Project("{9A19103F-16F7-4668-BE54-9A1E7A4F7556}") = "DddTactical", "DddTactical\DddTactical.csproj", "{DC915D4C-1782-43F4-9CA1-DDBCEBC9CE6C}"
EndProject
Project("{FAE04EC0-301F-11D3-BF4B-00C04F79EFBC}") = "DddTactical.Domain", "DddTactical.Domain\DddTactical.Domain.csproj", "{91760FDF-F57A-48D0-9DE8-FFD6433A040F}"
EndProject
Global
	GlobalSection(SolutionConfigurationPlatforms) = preSolution
		Debug|Any CPU = Debug|Any CPU
		Release|Any CPU = Release|Any CPU
	EndGlobalSection
	GlobalSection(ProjectConfigurationPlatforms) = postSolution
		{DC915D4C-1782-43F4-9CA1-DDBCEBC9CE6C}.Debug|Any CPU.ActiveCfg = Debug|Any CPU
		{DC915D4C-1782-43F4-9CA1-DDBCEBC9CE6C}.Debug|Any CPU.Build.0 = Debug|Any CPU
		{DC915D4C-1782-43F4-9CA1-DDBCEBC9CE6C}.Release|Any CPU.ActiveCfg = Release|Any CPU
		{DC915D4C-1782-43F4-9CA1-DDBCEBC9CE6C}.Release|Any CPU.Build.0 = Release|Any CPU
		{91760FDF-F57A-48D0-9DE8-FFD6433A040F}.Debug|Any CPU.ActiveCfg = Debug|Any CPU
		{91760FDF-F57A-48D0-9DE8-FFD6433A040F}.Debug|Any CPU.Build.0 = Debug|Any CPU
		{91760FDF-F57A-48D0-9DE8-FFD6433A040F}.Release|Any CPU.ActiveCfg = Release|Any CPU
		{91760FDF-F57A-48D0-9DE8-FFD6433A040F}.Release|Any CPU.Build.0 = Release|Any CPU
	EndGlobalSection
	GlobalSection(SolutionProperties) = preSolution
		HideSolutionNode = FALSE
	EndGlobalSection
	GlobalSection(ExtensibilityGlobals) = postSolution
		SolutionGuid = {8644E837-AFCC-4A8B-952C-B4EC3024EE43}
	EndGlobalSection
EndGlobal
